
Microsoft Visual Studio Solution File, Format Version 12.00
# Visual Studio Version 16
VisualStudioVersion = 16.0.31911.196
MinimumVisualStudioVersion = 10.0.40219.1
Project("{FAE04EC0-301F-11D3-BF4B-00C04F79EFBC}") = "RedisCache", "RedisCache\RedisCache.csproj", "{5F32D560-A568-49A3-A4A9-5545749AF0DA}"
EndProject
Project("{FAE04EC0-301F-11D3-BF4B-00C04F79EFBC}") = "RedisCache.Function", "RedisCache.Function\RedisCache.Function.csproj", "{10DB6F07-03C4-4333-A04D-F7836B45168C}"
EndProject
Global
	GlobalSection(SolutionConfigurationPlatforms) = preSolution
		Debug|Any CPU = Debug|Any CPU
		Release|Any CPU = Release|Any CPU
	EndGlobalSection
	GlobalSection(ProjectConfigurationPlatforms) = postSolution
		{5F32D560-A568-49A3-A4A9-5545749AF0DA}.Debug|Any CPU.ActiveCfg = Debug|Any CPU
		{5F32D560-A568-49A3-A4A9-5545749AF0DA}.Debug|Any CPU.Build.0 = Debug|Any CPU
		{5F32D560-A568-49A3-A4A9-5545749AF0DA}.Release|Any CPU.ActiveCfg = Release|Any CPU
		{5F32D560-A568-49A3-A4A9-5545749AF0DA}.Release|Any CPU.Build.0 = Release|Any CPU
		{10DB6F07-03C4-4333-A04D-F7836B45168C}.Debug|Any CPU.ActiveCfg = Debug|Any CPU
		{10DB6F07-03C4-4333-A04D-F7836B45168C}.Debug|Any CPU.Build.0 = Debug|Any CPU
		{10DB6F07-03C4-4333-A04D-F7836B45168C}.Release|Any CPU.ActiveCfg = Release|Any CPU
		{10DB6F07-03C4-4333-A04D-F7836B45168C}.Release|Any CPU.Build.0 = Release|Any CPU
	EndGlobalSection
	GlobalSection(SolutionProperties) = preSolution
		HideSolutionNode = FALSE
	EndGlobalSection
	GlobalSection(ExtensibilityGlobals) = postSolution
		SolutionGuid = {FBF9368F-CA0D-4DE1-9E4A-CDF08A2795CE}
	EndGlobalSection
EndGlobal
